dependencies:
- name: etcd
  repository: https://charts.bitnami.com/bitnami
  version: 5.2.1
- name: prometheus
  repository: https://charts.helm.sh/stable
  version: 11.12.1
digest: sha256:9e2412c74ea8f889d4f6bcd4062c972676ede60a4ebd4d086ecaacb8b1f670da
generated: "2021-05-07T15:51:07.173681+08:00"
