dependencies:
- name: etcd
  repository: https://charts.bitnami.com/bitnami
  version: 8.3.3
- name: prometheus
  repository: https://prometheus-community.github.io/helm-charts
  version: 15.10.4
- name: grafana
  repository: https://grafana.github.io/helm-charts
  version: 6.0.0
digest: sha256:5568742a45e69a0659c6e81c3cede39576ece2661d0fa249a088b18ebfe14339
generated: "2022-07-13T23:49:29.545199+08:00"
