dependencies:
- name: prometheus
  repository: https://prometheus-community.github.io/helm-charts
  version: 9.7.5
- name: grafana
  repository: https://grafana.github.io/helm-charts
  version: 6.0.0
- name: opensearch
  repository: https://opensearch-project.github.io/helm-charts/
  version: 1.5.0
digest: sha256:3fb583bc624d1fa8fecd1b14d4af83a2133fa956a954e576f6056867ecba7b7f
generated: "2021-12-06T22:05:24.857765+08:00"
