dependencies:
- name: prometheus
  repository: https://charts.bitnami.com/bitnami
  version: 0.5.1
- name: postgresql
  repository: https://charts.bitnami.com/bitnami
  version: 12.12.10
- name: jaeger
  repository: https://jaegertracing.github.io/helm-charts
  version: 4.4.7
digest: sha256:057c643d7f9fdc0551ce4cb2184ac2923a0906f4f1c12493a71bcb2029e55c04
generated: "2026-02-13T18:14:01.057403+08:00"
