dependencies:
- name: prometheus
  repository: https://charts.bitnami.com/bitnami
  version: 0.1.4
- name: postgresql
  repository: https://charts.bitnami.com/bitnami
  version: 12.12.10
digest: sha256:6d0fae161d3148048fda2051df32ae93caf03d6718885c555961f67915629a1d
generated: "2023-12-20T14:13:44.208746+08:00"
