dependencies:
- name: prometheus
  repository: https://charts.bitnami.com/bitnami
  version: 0.5.1
- name: postgresql
  repository: https://charts.bitnami.com/bitnami
  version: 12.12.10
digest: sha256:d549be7a94677d1d3b70748b8ebb0f8fb2a529c57a5ac9cc8d07a08298f29be0
generated: "2023-12-27T11:58:16.494435714+08:00"
