dependencies:
- name: etcd
  repository: https://charts.bitnami.com/bitnami
  version: 8.3.3
- name: prometheus
  repository: https://prometheus-community.github.io/helm-charts
  version: 15.10.4
- name: grafana
  repository: https://grafana.github.io/helm-charts
  version: 6.0.0
- name: opensearch
  repository: https://opensearch-project.github.io/helm-charts
  version: 1.13.1
digest: sha256:7eca0b110bcf7997da96da472c566bda875a75d9c66c27f0848d44973a605e9b
generated: "2022-07-18T21:11:16.06273+08:00"
